
Microsoft Visual Studio Solution File, Format Version 12.00
# Visual Studio Version 17
VisualStudioVersion = 17.8.34309.116
MinimumVisualStudioVersion = 10.0.40219.1
Project("{FAE04EC0-301F-11D3-BF4B-00C04F79EFBC}") = "WebAPIAutores", "WebAPIAutores\WebAPIAutores.csproj", "{4B99335E-9F83-4C74-A4D3-91FCD666BCF7}"
EndProject
Global
	GlobalSection(SolutionConfigurationPlatforms) = preSolution
		Debug|Any CPU = Debug|Any CPU
		Release|Any CPU = Release|Any CPU
	EndGlobalSection
	GlobalSection(ProjectConfigurationPlatforms) = postSolution
		{4B99335E-9F83-4C74-A4D3-91FCD666BCF7}.Debug|Any CPU.ActiveCfg = Debug|Any CPU
		{4B99335E-9F83-4C74-A4D3-91FCD666BCF7}.Debug|Any CPU.Build.0 = Debug|Any CPU
		{4B99335E-9F83-4C74-A4D3-91FCD666BCF7}.Release|Any CPU.ActiveCfg = Release|Any CPU
		{4B99335E-9F83-4C74-A4D3-91FCD666BCF7}.Release|Any CPU.Build.0 = Release|Any CPU
	EndGlobalSection
	GlobalSection(SolutionProperties) = preSolution
		HideSolutionNode = FALSE
	EndGlobalSection
	GlobalSection(ExtensibilityGlobals) = postSolution
		SolutionGuid = {FA6788A5-E9AC-4334-8ED9-3DC95D1EA27C}
	EndGlobalSection
EndGlobal
